PODS:
  - ResplendentUtilities (0.1.1)
  - RPLPhotoLibraryView (0.1.0)

DEPENDENCIES:
  - ResplendentUtilities (= 0.1.1)
  - RPLPhotoLibraryView (from `../`)

EXTERNAL SOURCES:
  RPLPhotoLibraryView:
    :path: ../

SPEC CHECKSUMS:
  ResplendentUtilities: eeec85126b179bf036c2f8b876d31bd4b44bfb80
  RPLPhotoLibraryView: 80e101b76469698a2c669ecbf899c140bdbf28eb

COCOAPODS: 0.36.0
